
Microsoft Visual Studio Solution File, Format Version 12.00
# Visual Studio Version 17
VisualStudioVersion = 17.3.32929.385
MinimumVisualStudioVersion = 10.0.40219.1
Project("{9A19103F-16F7-4668-BE54-9A1E7A4F7556}") = "tts_wuxia", "tts_wuxia.csproj", "{5F71A085-53FE-4104-A6FB-8C0416A7093B}"
EndProject
Project("{9A19103F-16F7-4668-BE54-9A1E7A4F7556}") = "Audio", "..\Audio\Audio.csproj", "{F2F559F6-33AC-4B7D-887A-4D669DC15D90}"
EndProject
Project("{FAE04EC0-301F-11D3-BF4B-00C04F79EFBC}") = "TTS", "..\TTS\TTS.csproj", "{158C7029-9B3A-4952-9966-3B6B9B2395EB}"
EndProject
Global
	GlobalSection(SolutionConfigurationPlatforms) = preSolution
		Debug|Any CPU = Debug|Any CPU
		Release|Any CPU = Release|Any CPU
	EndGlobalSection
	GlobalSection(ProjectConfigurationPlatforms) = postSolution
		{5F71A085-53FE-4104-A6FB-8C0416A7093B}.Debug|Any CPU.ActiveCfg = Debug|Any CPU
		{5F71A085-53FE-4104-A6FB-8C0416A7093B}.Debug|Any CPU.Build.0 = Debug|Any CPU
		{5F71A085-53FE-4104-A6FB-8C0416A7093B}.Release|Any CPU.ActiveCfg = Release|Any CPU
		{5F71A085-53FE-4104-A6FB-8C0416A7093B}.Release|Any CPU.Build.0 = Release|Any CPU
		{F2F559F6-33AC-4B7D-887A-4D669DC15D90}.Debug|Any CPU.ActiveCfg = Debug|Any CPU
		{F2F559F6-33AC-4B7D-887A-4D669DC15D90}.Debug|Any CPU.Build.0 = Debug|Any CPU
		{F2F559F6-33AC-4B7D-887A-4D669DC15D90}.Release|Any CPU.ActiveCfg = Release|Any CPU
		{F2F559F6-33AC-4B7D-887A-4D669DC15D90}.Release|Any CPU.Build.0 = Release|Any CPU
		{158C7029-9B3A-4952-9966-3B6B9B2395EB}.Debug|Any CPU.ActiveCfg = Debug|Any CPU
		{158C7029-9B3A-4952-9966-3B6B9B2395EB}.Debug|Any CPU.Build.0 = Debug|Any CPU
		{158C7029-9B3A-4952-9966-3B6B9B2395EB}.Release|Any CPU.ActiveCfg = Release|Any CPU
		{158C7029-9B3A-4952-9966-3B6B9B2395EB}.Release|Any CPU.Build.0 = Release|Any CPU
	EndGlobalSection
	GlobalSection(SolutionProperties) = preSolution
		HideSolutionNode = FALSE
	EndGlobalSection
	GlobalSection(ExtensibilityGlobals) = postSolution
		SolutionGuid = {7DDBD24D-224E-48D1-A1C4-38566375AFFD}
	EndGlobalSection
EndGlobal
